
Microsoft Visual Studio Solution File, Format Version 12.00
# Visual Studio Version 16
VisualStudioVersion = 16.0.30717.126
MinimumVisualStudioVersion = 10.0.40219.1
Project("{9A19103F-16F7-4668-BE54-9A1E7A4F7556}") = "ItemStockChecker", "ItemStockChecker\ItemStockChecker.csproj", "{A249A9B2-9436-45A0-A85E-450BD3A7E207}"
EndProject
Project("{9A19103F-16F7-4668-BE54-9A1E7A4F7556}") = "ItemStockChecker.Console", "ItemStockChecker.Console\ItemStockChecker.Console.csproj", "{8840D7CA-A0F5-4CDE-A5E2-EAB06BFC89E3}"
EndProject
Project("{FAE04EC0-301F-11D3-BF4B-00C04F79EFBC}") = "ItemStockChecker.WinUI", "ItemStockChecker.WinUI\ItemStockChecker.WinUI.csproj", "{DE2EB9B1-92C4-4ACD-ACB6-013BE81EFA5E}"
EndProject
Project("{FAE04EC0-301F-11D3-BF4B-00C04F79EFBC}") = "Logger", "Logger\Logger.csproj", "{A4BA887A-BD19-4D42-B0C0-0A1DA634728C}"
EndProject
Global
	GlobalSection(SolutionConfigurationPlatforms) = preSolution
		Debug|Any CPU = Debug|Any CPU
		Release|Any CPU = Release|Any CPU
	EndGlobalSection
	GlobalSection(ProjectConfigurationPlatforms) = postSolution
		{A249A9B2-9436-45A0-A85E-450BD3A7E207}.Debug|Any CPU.ActiveCfg = Debug|Any CPU
		{A249A9B2-9436-45A0-A85E-450BD3A7E207}.Debug|Any CPU.Build.0 = Debug|Any CPU
		{A249A9B2-9436-45A0-A85E-450BD3A7E207}.Release|Any CPU.ActiveCfg = Release|Any CPU
		{A249A9B2-9436-45A0-A85E-450BD3A7E207}.Release|Any CPU.Build.0 = Release|Any CPU
		{8840D7CA-A0F5-4CDE-A5E2-EAB06BFC89E3}.Debug|Any CPU.ActiveCfg = Debug|Any CPU
		{8840D7CA-A0F5-4CDE-A5E2-EAB06BFC89E3}.Debug|Any CPU.Build.0 = Debug|Any CPU
		{8840D7CA-A0F5-4CDE-A5E2-EAB06BFC89E3}.Release|Any CPU.ActiveCfg = Release|Any CPU
		{8840D7CA-A0F5-4CDE-A5E2-EAB06BFC89E3}.Release|Any CPU.Build.0 = Release|Any CPU
		{DE2EB9B1-92C4-4ACD-ACB6-013BE81EFA5E}.Debug|Any CPU.ActiveCfg = Debug|Any CPU
		{DE2EB9B1-92C4-4ACD-ACB6-013BE81EFA5E}.Debug|Any CPU.Build.0 = Debug|Any CPU
		{DE2EB9B1-92C4-4ACD-ACB6-013BE81EFA5E}.Release|Any CPU.ActiveCfg = Release|Any CPU
		{DE2EB9B1-92C4-4ACD-ACB6-013BE81EFA5E}.Release|Any CPU.Build.0 = Release|Any CPU
		{A4BA887A-BD19-4D42-B0C0-0A1DA634728C}.Debug|Any CPU.ActiveCfg = Debug|Any CPU
		{A4BA887A-BD19-4D42-B0C0-0A1DA634728C}.Debug|Any CPU.Build.0 = Debug|Any CPU
		{A4BA887A-BD19-4D42-B0C0-0A1DA634728C}.Release|Any CPU.ActiveCfg = Release|Any CPU
		{A4BA887A-BD19-4D42-B0C0-0A1DA634728C}.Release|Any CPU.Build.0 = Release|Any CPU
	EndGlobalSection
	GlobalSection(SolutionProperties) = preSolution
		HideSolutionNode = FALSE
	EndGlobalSection
	GlobalSection(ExtensibilityGlobals) = postSolution
		SolutionGuid = {D579B49D-F798-451B-B77F-178994DFE326}
	EndGlobalSection
EndGlobal
